
Microsoft Visual Studio Solution File, Format Version 12.00
# Visual Studio Version 17
VisualStudioVersion = 17.10.34928.147
MinimumVisualStudioVersion = 10.0.40219.1
Project("{FAE04EC0-301F-11D3-BF4B-00C04F79EFBC}") = "JazzClub", "JazzClub\JazzClub.csproj", "{8752FA4F-660B-4DFF-ADE7-458E3A3893FF}"
EndProject
Global
	GlobalSection(SolutionConfigurationPlatforms) = preSolution
		Debug|Any CPU = Debug|Any CPU
		Release|Any CPU = Release|Any CPU
	EndGlobalSection
	GlobalSection(ProjectConfigurationPlatforms) = postSolution
		{8752FA4F-660B-4DFF-ADE7-458E3A3893FF}.Debug|Any CPU.ActiveCfg = Debug|Any CPU
		{8752FA4F-660B-4DFF-ADE7-458E3A3893FF}.Debug|Any CPU.Build.0 = Debug|Any CPU
		{8752FA4F-660B-4DFF-ADE7-458E3A3893FF}.Release|Any CPU.ActiveCfg = Release|Any CPU
		{8752FA4F-660B-4DFF-ADE7-458E3A3893FF}.Release|Any CPU.Build.0 = Release|Any CPU
	EndGlobalSection
	GlobalSection(SolutionProperties) = preSolution
		HideSolutionNode = FALSE
	EndGlobalSection
	GlobalSection(ExtensibilityGlobals) = postSolution
		SolutionGuid = {091EDED6-FEB0-4844-BD5C-2B6E038F4BFC}
	EndGlobalSection
EndGlobal
